
Microsoft Visual Studio Solution File, Format Version 12.00
# Visual Studio Version 17
VisualStudioVersion = 17.12.35527.113 d17.12
MinimumVisualStudioVersion = 10.0.40219.1
Project("{FAE04EC0-301F-11D3-BF4B-00C04F79EFBC}") = "Advent Of Code 2024 .Net", "Advent Of Code 2024 .Net\Advent Of Code 2024 .Net.csproj", "{BA0400AB-C592-49B2-B4D8-DD02FB01C411}"
EndProject
Global
	GlobalSection(SolutionConfigurationPlatforms) = preSolution
		Debug|Any CPU = Debug|Any CPU
		Release|Any CPU = Release|Any CPU
	EndGlobalSection
	GlobalSection(ProjectConfigurationPlatforms) = postSolution
		{BA0400AB-C592-49B2-B4D8-DD02FB01C411}.Debug|Any CPU.ActiveCfg = Debug|Any CPU
		{BA0400AB-C592-49B2-B4D8-DD02FB01C411}.Debug|Any CPU.Build.0 = Debug|Any CPU
		{BA0400AB-C592-49B2-B4D8-DD02FB01C411}.Release|Any CPU.ActiveCfg = Release|Any CPU
		{BA0400AB-C592-49B2-B4D8-DD02FB01C411}.Release|Any CPU.Build.0 = Release|Any CPU
	EndGlobalSection
	GlobalSection(SolutionProperties) = preSolution
		HideSolutionNode = FALSE
	EndGlobalSection
EndGlobal
